
Microsoft Visual Studio Solution File, Format Version 12.00
# Visual Studio Version 17
VisualStudioVersion = 17.0.31903.59
MinimumVisualStudioVersion = 10.0.40219.1
Project("{2150E333-8FDC-42A3-9474-1A3956D46DE8}") = "Backend", "Backend", "{02EA681E-C7D8-13C7-8484-4AC65E1B71E8}"
EndProject
Project("{FAE04EC0-301F-11D3-BF4B-00C04F79EFBC}") = "BookFlix.Core", "BookFlix.Core\BookFlix.Core.csproj", "{8E4CF944-BE93-43FD-BE1C-1557CD7B4A53}"
EndProject
Project("{FAE04EC0-301F-11D3-BF4B-00C04F79EFBC}") = "BookFlix.Infrastructure", "BookFlix.Infrastructure\BookFlix.Infrastructure.csproj", "{DEAD61E2-59C8-4724-833B-8AF9D61263B2}"
EndProject
Project("{FAE04EC0-301F-11D3-BF4B-00C04F79EFBC}") = "BookFlix.Web", "BookFlix.Web\BookFlix.Web.csproj", "{485E282B-BDF6-4CC8-BA84-6372DCF26C2A}"
EndProject
Project("{FAE04EC0-301F-11D3-BF4B-00C04F79EFBC}") = "BookFlix.Tests", "BookFlix.Tests\BookFlix.Tests.csproj", "{56B577F3-AAF2-4D94-9289-3FAF11509D02}"
EndProject
Global
	GlobalSection(SolutionConfigurationPlatforms) = preSolution
		Debug|Any CPU = Debug|Any CPU
		Release|Any CPU = Release|Any CPU
	EndGlobalSection
	GlobalSection(ProjectConfigurationPlatforms) = postSolution
		{8E4CF944-BE93-43FD-BE1C-1557CD7B4A53}.Debug|Any CPU.ActiveCfg = Debug|Any CPU
		{8E4CF944-BE93-43FD-BE1C-1557CD7B4A53}.Debug|Any CPU.Build.0 = Debug|Any CPU
		{8E4CF944-BE93-43FD-BE1C-1557CD7B4A53}.Release|Any CPU.ActiveCfg = Release|Any CPU
		{8E4CF944-BE93-43FD-BE1C-1557CD7B4A53}.Release|Any CPU.Build.0 = Release|Any CPU
		{DEAD61E2-59C8-4724-833B-8AF9D61263B2}.Debug|Any CPU.ActiveCfg = Debug|Any CPU
		{DEAD61E2-59C8-4724-833B-8AF9D61263B2}.Debug|Any CPU.Build.0 = Debug|Any CPU
		{DEAD61E2-59C8-4724-833B-8AF9D61263B2}.Release|Any CPU.ActiveCfg = Release|Any CPU
		{DEAD61E2-59C8-4724-833B-8AF9D61263B2}.Release|Any CPU.Build.0 = Release|Any CPU
		{485E282B-BDF6-4CC8-BA84-6372DCF26C2A}.Debug|Any CPU.ActiveCfg = Debug|Any CPU
		{485E282B-BDF6-4CC8-BA84-6372DCF26C2A}.Debug|Any CPU.Build.0 = Debug|Any CPU
		{485E282B-BDF6-4CC8-BA84-6372DCF26C2A}.Release|Any CPU.ActiveCfg = Release|Any CPU
		{485E282B-BDF6-4CC8-BA84-6372DCF26C2A}.Release|Any CPU.Build.0 = Release|Any CPU
		{56B577F3-AAF2-4D94-9289-3FAF11509D02}.Debug|Any CPU.ActiveCfg = Debug|Any CPU
		{56B577F3-AAF2-4D94-9289-3FAF11509D02}.Debug|Any CPU.Build.0 = Debug|Any CPU
		{56B577F3-AAF2-4D94-9289-3FAF11509D02}.Release|Any CPU.ActiveCfg = Release|Any CPU
		{56B577F3-AAF2-4D94-9289-3FAF11509D02}.Release|Any CPU.Build.0 = Release|Any CPU
	EndGlobalSection
	GlobalSection(SolutionProperties) = preSolution
		HideSolutionNode = FALSE
	EndGlobalSection
	GlobalSection(NestedProjects) = preSolution
		{8E4CF944-BE93-43FD-BE1C-1557CD7B4A53} = {02EA681E-C7D8-13C7-8484-4AC65E1B71E8}
		{DEAD61E2-59C8-4724-833B-8AF9D61263B2} = {02EA681E-C7D8-13C7-8484-4AC65E1B71E8}
		{485E282B-BDF6-4CC8-BA84-6372DCF26C2A} = {02EA681E-C7D8-13C7-8484-4AC65E1B71E8}
		{56B577F3-AAF2-4D94-9289-3FAF11509D02} = {02EA681E-C7D8-13C7-8484-4AC65E1B71E8}
	EndGlobalSection
	GlobalSection(ExtensibilityGlobals) = postSolution
		SolutionGuid = {009654C8-4BE3-4FB0-9F75-6AC0AE367DB4}
	EndGlobalSection
EndGlobal
